// !$*UTF8*$!
{
	archiveVersion = 1;
	classes = {
	};
	objectVersion = 50;
	objects = {

/* Begin PBXBuildFile section */
		59AFFFD8D54F0EA695D8E95C /* libPods-CoronaStatsApp.a in Frameworks */ = {isa = PBXBuildFile; fileRef = F1B1324796F64B7E90354CE4 /* libPods-CoronaStatsApp.a */; };
		834D6B082460EA1100603B98 /* AppDelegate.swift in Sources */ = {isa = PBXBuildFile; fileRef = 834D6B072460EA1100603B98 /* AppDelegate.swift */; };
		834D6B0A2460EA1100603B98 /* SceneDelegate.swift in Sources */ = {isa = PBXBuildFile; fileRef = 834D6B092460EA1100603B98 /* SceneDelegate.swift */; };
		834D6B0F2460EA1100603B98 /* Main.storyboard in Resources */ = {isa = PBXBuildFile; fileRef = 834D6B0D2460EA1100603B98 /* Main.storyboard */; };
		834D6B112460EA1300603B98 /* Assets.xcassets in Resources */ = {isa = PBXBuildFile; fileRef = 834D6B102460EA1300603B98 /* Assets.xcassets */; };
		834D6B142460EA1300603B98 /* LaunchScreen.storyboard in Resources */ = {isa = PBXBuildFile; fileRef = 834D6B122460EA1300603B98 /* LaunchScreen.storyboard */; };
		834D6B212460F15300603B98 /* TopViewController.swift in Sources */ = {isa = PBXBuildFile; fileRef = 834D6B202460F15300603B98 /* TopViewController.swift */; };
		834D6B27246101CB00603B98 /* CountryData.swift in Sources */ = {isa = PBXBuildFile; fileRef = 834D6B26246101CB00603B98 /* CountryData.swift */; };
		834D6B292461044F00603B98 /* Extension.swift in Sources */ = {isa = PBXBuildFile; fileRef = 834D6B282461044F00603B98 /* Extension.swift */; };
/* End PBXBuildFile section */

/* Begin PBXFileReference section */
		194C2DC2B8FE7784A14AD825 /* Pods-CoronaStatsApp.debug.xcconfig */ = {isa = PBXFileReference; includeInIndex = 1; lastKnownFileType = text.xcconfig; name = "Pods-CoronaStatsApp.debug.xcconfig"; path = "Target Support Files/Pods-CoronaStatsApp/Pods-CoronaStatsApp.debug.xcconfig"; sourceTree = "<group>"; };
		6A2FEE5402AC77661063F505 /* Pods-CoronaStatsApp.release.xcconfig */ = {isa = PBXFileReference; includeInIndex = 1; lastKnownFileType = text.xcconfig; name = "Pods-CoronaStatsApp.release.xcconfig"; path = "Target Support Files/Pods-CoronaStatsApp/Pods-CoronaStatsApp.release.xcconfig"; sourceTree = "<group>"; };
		834D6B042460EA1100603B98 /* CoronaStatsApp.app */ = {isa = PBXFileReference; explicitFileType = wrapper.application; includeInIndex = 0; path = CoronaStatsApp.app; sourceTree = BUILT_PRODUCTS_DIR; };
		834D6B072460EA1100603B98 /* AppDelegate.swift */ = {isa = PBXFileReference; lastKnownFileType = sourcecode.swift; path = AppDelegate.swift; sourceTree = "<group>"; };
		834D6B092460EA1100603B98 /* SceneDelegate.swift */ = {isa = PBXFileReference; lastKnownFileType = sourcecode.swift; path = SceneDelegate.swift; sourceTree = "<group>"; };
		834D6B0E2460EA1100603B98 /* Base */ = {isa = PBXFileReference; lastKnownFileType = file.storyboard; name = Base; path = Base.lproj/Main.storyboard; sourceTree = "<group>"; };
		834D6B102460EA1300603B98 /* Assets.xcassets */ = {isa = PBXFileReference; lastKnownFileType = folder.assetcatalog; path = Assets.xcassets; sourceTree = "<group>"; };
		834D6B132460EA1300603B98 /* Base */ = {isa = PBXFileReference; lastKnownFileType = file.storyboard; name = Base; path = Base.lproj/LaunchScreen.storyboard; sourceTree = "<group>"; };
		834D6B152460EA1300603B98 /* Info.plist */ = {isa = PBXFileReference; lastKnownFileType = text.plist.xml; path = Info.plist; sourceTree = "<group>"; };
		834D6B202460F15300603B98 /* TopViewController.swift */ = {isa = PBXFileReference; lastKnownFileType = sourcecode.swift; path = TopViewController.swift; sourceTree = "<group>"; };
		834D6B26246101CB00603B98 /* CountryData.swift */ = {isa = PBXFileReference; lastKnownFileType = sourcecode.swift; path = CountryData.swift; sourceTree = "<group>"; };
		834D6B282461044F00603B98 /* Extension.swift */ = {isa = PBXFileReference; lastKnownFileType = sourcecode.swift; path = Extension.swift; sourceTree = "<group>"; };
		F1B1324796F64B7E90354CE4 /* libPods-CoronaStatsApp.a */ = {isa = PBXFileReference; explicitFileType = archive.ar; includeInIndex = 0; path = "libPods-CoronaStatsApp.a"; sourceTree = BUILT_PRODUCTS_DIR; };
/* End PBXFileReference section */

/* Begin PBXFrameworksBuildPhase section */
		834D6B012460EA1100603B98 /* Frameworks */ = {
			isa = PBXFrameworksBuildPhase;
			buildActionMask = 2147483647;
			files = (
				59AFFFD8D54F0EA695D8E95C /* libPods-CoronaStatsApp.a in Frameworks */,
			);
			runOnlyForDeploymentPostprocessing = 0;
		};
/* End PBXFrameworksBuildPhase section */

/* Begin PBXGroup section */
		52F7ACCE6572D6BF744663A4 /* Frameworks */ = {
			isa = PBXGroup;
			children = (
				F1B1324796F64B7E90354CE4 /* libPods-CoronaStatsApp.a */,
			);
			name = Frameworks;
			sourceTree = "<group>";
		};
		834D6AFB2460EA1100603B98 = {
			isa = PBXGroup;
			children = (
				834D6B062460EA1100603B98 /* CoronaStatsApp */,
				834D6B052460EA1100603B98 /* Products */,
				AA207F98682BF320B6D08E10 /* Pods */,
				52F7ACCE6572D6BF744663A4 /* Frameworks */,
			);
			sourceTree = "<group>";
		};
		834D6B052460EA1100603B98 /* Products */ = {
			isa = PBXGroup;
			children = (
				834D6B042460EA1100603B98 /* CoronaStatsApp.app */,
			);
			name = Products;
			sourceTree = "<group>";
		};
		834D6B062460EA1100603B98 /* CoronaStatsApp */ = {
			isa = PBXGroup;
			children = (
				834D6B072460EA1100603B98 /* AppDelegate.swift */,
				834D6B092460EA1100603B98 /* SceneDelegate.swift */,
				834D6B202460F15300603B98 /* TopViewController.swift */,
				834D6B0D2460EA1100603B98 /* Main.storyboard */,
				834D6B282461044F00603B98 /* Extension.swift */,
				834D6B1F2460EC6000603B98 /* Model */,
				834D6B102460EA1300603B98 /* Assets.xcassets */,
				834D6B122460EA1300603B98 /* LaunchScreen.storyboard */,
				834D6B152460EA1300603B98 /* Info.plist */,
			);
			path = CoronaStatsApp;
			sourceTree = "<group>";
		};
		834D6B1F2460EC6000603B98 /* Model */ = {
			isa = PBXGroup;
			children = (
				834D6B26246101CB00603B98 /* CountryData.swift */,
			);
			path = Model;
			sourceTree = "<group>";
		};
		AA207F98682BF320B6D08E10 /* Pods */ = {
			isa = PBXGroup;
			children = (
				194C2DC2B8FE7784A14AD825 /* Pods-CoronaStatsApp.debug.xcconfig */,
				6A2FEE5402AC77661063F505 /* Pods-CoronaStatsApp.release.xcconfig */,
			);
			path = Pods;
			sourceTree = "<group>";
		};
/* End PBXGroup section */

/* Begin PBXNativeTarget section */
		834D6B032460EA1100603B98 /* CoronaStatsApp */ = {
			isa = PBXNativeTarget;
			buildConfigurationList = 834D6B182460EA1300603B98 /* Build configuration list for PBXNativeTarget "CoronaStatsApp" */;
			buildPhases = (
				A06006B22F2487B913313218 /* [CP] Check Pods Manifest.lock */,
				834D6B002460EA1100603B98 /* Sources */,
				834D6B012460EA1100603B98 /* Frameworks */,
				834D6B022460EA1100603B98 /* Resources */,
			);
			buildRules = (
			);
			dependencies = (
			);
			name = CoronaStatsApp;
			productName = CoronaStatsApp;
			productReference = 834D6B042460EA1100603B98 /* CoronaStatsApp.app */;
			productType = "com.apple.product-type.application";
		};
/* End PBXNativeTarget section */

/* Begin PBXProject section */
		834D6AFC2460EA1100603B98 /* Project object */ = {
			isa = PBXProject;
			attributes = {
				LastSwiftUpdateCheck = 1140;
				LastUpgradeCheck = 1140;
				ORGANIZATIONNAME = yuji_nakamoto;
				TargetAttributes = {
					834D6B032460EA1100603B98 = {
						CreatedOnToolsVersion = 11.4.1;
					};
				};
			};
			buildConfigurationList = 834D6AFF2460EA1100603B98 /* Build configuration list for PBXProject "CoronaStatsApp" */;
			compatibilityVersion = "Xcode 9.3";
			developmentRegion = en;
			hasScannedForEncodings = 0;
			knownRegions = (
				en,
				Base,
			);
			mainGroup = 834D6AFB2460EA1100603B98;
			productRefGroup = 834D6B052460EA1100603B98 /* Products */;
			projectDirPath = "";
			projectRoot = "";
			targets = (
				834D6B032460EA1100603B98 /* CoronaStatsApp */,
			);
		};
/* End PBXProject section */

/* Begin PBXResourcesBuildPhase section */
		834D6B022460EA1100603B98 /* Resources */ = {
			isa = PBXResourcesBuildPhase;
			buildActionMask = 2147483647;
			files = (
				834D6B142460EA1300603B98 /* LaunchScreen.storyboard in Resources */,
				834D6B112460EA1300603B98 /* Assets.xcassets in Resources */,
				834D6B0F2460EA1100603B98 /* Main.storyboard in Resources */,
			);
			runOnlyForDeploymentPostprocessing = 0;
		};
/* End PBXResourcesBuildPhase section */

/* Begin PBXShellScriptBuildPhase section */
		A06006B22F2487B913313218 /* [CP] Check Pods Manifest.lock */ = {
			isa = PBXShellScriptBuildPhase;
			buildActionMask = 2147483647;
			files = (
			);
			inputFileListPaths = (
			);
			inputPaths = (
				"${PODS_PODFILE_DIR_PATH}/Podfile.lock",
				"${PODS_ROOT}/Manifest.lock",
			);
			name = "[CP] Check Pods Manifest.lock";
			outputFileListPaths = (
			);
			outputPaths = (
				"$(DERIVED_FILE_DIR)/Pods-CoronaStatsApp-checkManifestLockResult.txt",
			);
			runOnlyForDeploymentPostprocessing = 0;
			shellPath = /bin/sh;
			shellScript = "diff \"${PODS_PODFILE_DIR_PATH}/Podfile.lock\" \"${PODS_ROOT}/Manifest.lock\" > /dev/null\nif [ $? != 0 ] ; then\n    # print error to STDERR\n    echo \"error: The sandbox is not in sync with the Podfile.lock. Run 'pod install' or update your CocoaPods installation.\" >&2\n    exit 1\nfi\n# This output is used by Xcode 'outputs' to avoid re-running this script phase.\necho \"SUCCESS\" > \"${SCRIPT_OUTPUT_FILE_0}\"\n";
			showEnvVarsInLog = 0;
		};
/* End PBXShellScriptBuildPhase section */

/* Begin PBXSourcesBuildPhase section */
		834D6B002460EA1100603B98 /* Sources */ = {
			isa = PBXSourcesBuildPhase;
			buildActionMask = 2147483647;
			files = (
				834D6B082460EA1100603B98 /* AppDelegate.swift in Sources */,
				834D6B292461044F00603B98 /* Extension.swift in Sources */,
				834D6B0A2460EA1100603B98 /* SceneDelegate.swift in Sources */,
				834D6B27246101CB00603B98 /* CountryData.swift in Sources */,
				834D6B212460F15300603B98 /* TopViewController.swift in Sources */,
			);
			runOnlyForDeploymentPostprocessing = 0;
		};
/* End PBXSourcesBuildPhase section */

/* Begin PBXVariantGroup section */
		834D6B0D2460EA1100603B98 /* Main.storyboard */ = {
			isa = PBXVariantGroup;
			children = (
				834D6B0E2460EA1100603B98 /* Base */,
			);
			name = Main.storyboard;
			sourceTree = "<group>";
		};
		834D6B122460EA1300603B98 /* LaunchScreen.storyboard */ = {
			isa = PBXVariantGroup;
			children = (
				834D6B132460EA1300603B98 /* Base */,
			);
			name = LaunchScreen.storyboard;
			sourceTree = "<group>";
		};
/* End PBXVariantGroup section */

/* Begin XCBuildConfiguration section */
		834D6B162460EA1300603B98 /* Debug */ = {
			isa = XCBuildConfiguration;
			buildSettings = {
				ALWAYS_SEARCH_USER_PATHS = NO;
				CLANG_ANALYZER_NONNULL = YES;
				CLANG_ANALYZER_NUMBER_OBJECT_CONVERSION = YES_AGGRESSIVE;
				CLANG_CXX_LANGUAGE_STANDARD = "gnu++14";
				CLANG_CXX_LIBRARY = "libc++";
				CLANG_ENABLE_MODULES = YES;
				CLANG_ENABLE_OBJC_ARC = YES;
				CLANG_ENABLE_OBJC_WEAK = YES;
				CLANG_WARN_BLOCK_CAPTURE_AUTORELEASING = YES;
				CLANG_WARN_BOOL_CONVERSION = YES;
				CLANG_WARN_COMMA = YES;
				CLANG_WARN_CONSTANT_CONVERSION = YES;
				CLANG_WARN_DEPRECATED_OBJC_IMPLEMENTATIONS = YES;
				CLANG_WARN_DIRECT_OBJC_ISA_USAGE = YES_ERROR;
				CLANG_WARN_DOCUMENTATION_COMMENTS = YES;
				CLANG_WARN_EMPTY_BODY = YES;
				CLANG_WARN_ENUM_CONVERSION = YES;
				CLANG_WARN_INFINITE_RECURSION = YES;
				CLANG_WARN_INT_CONVERSION = YES;
				CLANG_WARN_NON_LITERAL_NULL_CONVERSION = YES;
				CLANG_WARN_OBJC_IMPLICIT_RETAIN_SELF = YES;
				CLANG_WARN_OBJC_LITERAL_CONVERSION = YES;
				CLANG_WARN_OBJC_ROOT_CLASS = YES_ERROR;
				CLANG_WARN_RANGE_LOOP_ANALYSIS = YES;
				CLANG_WARN_STRICT_PROTOTYPES = YES;
				CLANG_WARN_SUSPICIOUS_MOVE = YES;
				CLANG_WARN_UNGUARDED_AVAILABILITY = YES_AGGRESSIVE;
				CLANG_WARN_UNREACHABLE_CODE = YES;
				CLANG_WARN__DUPLICATE_METHOD_MATCH = YES;
				COPY_PHASE_STRIP = NO;
				DEBUG_INFORMATION_FORMAT = dwarf;
				ENABLE_STRICT_OBJC_MSGSEND = YES;
				ENABLE_TESTABILITY = YES;
				GCC_C_LANGUAGE_STANDARD = gnu11;
				GCC_DYNAMIC_NO_PIC = NO;
				GCC_NO_COMMON_BLOCKS = YES;
				GCC_OPTIMIZATION_LEVEL = 0;
				GCC_PREPROCESSOR_DEFINITIONS = (
					"DEBUG=1",
					"$(inherited)",
				);
				GCC_WARN_64_TO_32_BIT_CONVERSION = YES;
				GCC_WARN_ABOUT_RETURN_TYPE = YES_ERROR;
				GCC_WARN_UNDECLARED_SELECTOR = YES;
				GCC_WARN_UNINITIALIZED_AUTOS = YES_AGGRESSIVE;
				GCC_WARN_UNUSED_FUNCTION = YES;
				GCC_WARN_UNUSED_VARIABLE = YES;
				IPHONEOS_DEPLOYMENT_TARGET = 13.4;
				MTL_ENABLE_DEBUG_INFO = INCLUDE_SOURCE;
				MTL_FAST_MATH = YES;
				ONLY_ACTIVE_ARCH = YES;
				SDKROOT = iphoneos;
				SWIFT_ACTIVE_COMPILATION_CONDITIONS = DEBUG;
				SWIFT_OPTIMIZATION_LEVEL = "-Onone";
			};
			name = Debug;
		};
		834D6B172460EA1300603B98 /* Release */ = {
			isa = XCBuildConfiguration;
			buildSettings = {
				ALWAYS_SEARCH_USER_PATHS = NO;
				CLANG_ANALYZER_NONNULL = YES;
				CLANG_ANALYZER_NUMBER_OBJECT_CONVERSION = YES_AGGRESSIVE;
				CLANG_CXX_LANGUAGE_STANDARD = "gnu++14";
				CLANG_CXX_LIBRARY = "libc++";
				CLANG_ENABLE_MODULES = YES;
				CLANG_ENABLE_OBJC_ARC = YES;
				CLANG_ENABLE_OBJC_WEAK = YES;
				CLANG_WARN_BLOCK_CAPTURE_AUTORELEASING = YES;
				CLANG_WARN_BOOL_CONVERSION = YES;
				CLANG_WARN_COMMA = YES;
				CLANG_WARN_CONSTANT_CONVERSION = YES;
				CLANG_WARN_DEPRECATED_OBJC_IMPLEMENTATIONS = YES;
				CLANG_WARN_DIRECT_OBJC_ISA_USAGE = YES_ERROR;
				CLANG_WARN_DOCUMENTATION_COMMENTS = YES;
				CLANG_WARN_EMPTY_BODY = YES;
				CLANG_WARN_ENUM_CONVERSION = YES;
				CLANG_WARN_INFINITE_RECURSION = YES;
				CLANG_WARN_INT_CONVERSION = YES;
				CLANG_WARN_NON_LITERAL_NULL_CONVERSION = YES;
				CLANG_WARN_OBJC_IMPLICIT_RETAIN_SELF = YES;
				CLANG_WARN_OBJC_LITERAL_CONVERSION = YES;
				CLANG_WARN_OBJC_ROOT_CLASS = YES_ERROR;
				CLANG_WARN_RANGE_LOOP_ANALYSIS = YES;
				CLANG_WARN_STRICT_PROTOTYPES = YES;
				CLANG_WARN_SUSPICIOUS_MOVE = YES;
				CLANG_WARN_UNGUARDED_AVAILABILITY = YES_AGGRESSIVE;
				CLANG_WARN_UNREACHABLE_CODE = YES;
				CLANG_WARN__DUPLICATE_METHOD_MATCH = YES;
				COPY_PHASE_STRIP = NO;
				DEBUG_INFORMATION_FORMAT = "dwarf-with-dsym";
				ENABLE_NS_ASSERTIONS = NO;
				ENABLE_STRICT_OBJC_MSGSEND = YES;
				GCC_C_LANGUAGE_STANDARD = gnu11;
				GCC_NO_COMMON_BLOCKS = YES;
				GCC_WARN_64_TO_32_BIT_CONVERSION = YES;
				GCC_WARN_ABOUT_RETURN_TYPE = YES_ERROR;
				GCC_WARN_UNDECLARED_SELECTOR = YES;
				GCC_WARN_UNINITIALIZED_AUTOS = YES_AGGRESSIVE;
				GCC_WARN_UNUSED_FUNCTION = YES;
				GCC_WARN_UNUSED_VARIABLE = YES;
				IPHONEOS_DEPLOYMENT_TARGET = 13.4;
				MTL_ENABLE_DEBUG_INFO = NO;
				MTL_FAST_MATH = YES;
				SDKROOT = iphoneos;
				SWIFT_COMPILATION_MODE = wholemodule;
				SWIFT_OPTIMIZATION_LEVEL = "-O";
				VALIDATE_PRODUCT = YES;
			};
			name = Release;
		};
		834D6B192460EA1300603B98 /* Debug */ = {
			isa = XCBuildConfiguration;
			baseConfigurationReference = 194C2DC2B8FE7784A14AD825 /* Pods-CoronaStatsApp.debug.xcconfig */;
			buildSettings = {
				ASSETCATALOG_COMPILER_APPICON_NAME = AppIcon;
				CODE_SIGN_STYLE = Automatic;
				DEVELOPMENT_TEAM = VPCTDUASKQ;
				INFOPLIST_FILE = CoronaStatsApp/Info.plist;
				IPHONEOS_DEPLOYMENT_TARGET = 13.2;
				LD_RUNPATH_SEARCH_PATHS = (
					"$(inherited)",
					"@executable_path/Frameworks",
				);
				PRODUCT_BUNDLE_IDENTIFIER = com.ynCompany.CoronaStatsApp;
				PRODUCT_NAME = "$(TARGET_NAME)";
				SWIFT_VERSION = 5.0;
				TARGETED_DEVICE_FAMILY = 1;
			};
			name = Debug;
		};
		834D6B1A2460EA1300603B98 /* Release */ = {
			isa = XCBuildConfiguration;
			baseConfigurationReference = 6A2FEE5402AC77661063F505 /* Pods-CoronaStatsApp.release.xcconfig */;
			buildSettings = {
				ASSETCATALOG_COMPILER_APPICON_NAME = AppIcon;
				CODE_SIGN_STYLE = Automatic;
				DEVELOPMENT_TEAM = VPCTDUASKQ;
				INFOPLIST_FILE = CoronaStatsApp/Info.plist;
				IPHONEOS_DEPLOYMENT_TARGET = 13.2;
				LD_RUNPATH_SEARCH_PATHS = (
					"$(inherited)",
					"@executable_path/Frameworks",
				);
				PRODUCT_BUNDLE_IDENTIFIER = com.ynCompany.CoronaStatsApp;
				PRODUCT_NAME = "$(TARGET_NAME)";
				SWIFT_VERSION = 5.0;
				TARGETED_DEVICE_FAMILY = 1;
			};
			name = Release;
		};
/* End XCBuildConfiguration section */

/* Begin XCConfigurationList section */
		834D6AFF2460EA1100603B98 /* Build configuration list for PBXProject "CoronaStatsApp" */ = {
			isa = XCConfigurationList;
			buildConfigurations = (
				834D6B162460EA1300603B98 /* Debug */,
				834D6B172460EA1300603B98 /* Release */,
			);
			defaultConfigurationIsVisible = 0;
			defaultConfigurationName = Release;
		};
		834D6B182460EA1300603B98 /* Build configuration list for PBXNativeTarget "CoronaStatsApp" */ = {
			isa = XCConfigurationList;
			buildConfigurations = (
				834D6B192460EA1300603B98 /* Debug */,
				834D6B1A2460EA1300603B98 /* Release */,
			);
			defaultConfigurationIsVisible = 0;
			defaultConfigurationName = Release;
		};
/* End XCConfigurationList section */
	};
	rootObject = 834D6AFC2460EA1100603B98 /* Project object */;
}
